Microsoft Visual Studio Solution File, Format Version 10.00
# Visual Studio 2008
Project("{FAE04EC0-301F-11D3-BF4B-00C04F79EFBC}") = "ARAMCO.DR.Client.App", "ARAMCO.DR.Client.App.csproj", "{60CC5257-89DB-4519-999A-55602F99E13D}"
EndProject
Global
	GlobalSection(SolutionConfigurationPlatforms) = preSolution
		Debug|Any CPU = Debug|Any CPU
		Release|Any CPU = Release|Any CPU
	EndGlobalSection
	GlobalSection(ProjectConfigurationPlatforms) = postSolution
		{60CC5257-89DB-4519-999A-55602F99E13D}.Debug|Any CPU.ActiveCfg = Debug|Any CPU
		{60CC5257-89DB-4519-999A-55602F99E13D}.Debug|Any CPU.Build.0 = Debug|Any CPU
		{60CC5257-89DB-4519-999A-55602F99E13D}.Debug|Any CPU.Deploy.0 = Debug|Any CPU
		{60CC5257-89DB-4519-999A-55602F99E13D}.Release|Any CPU.ActiveCfg = Release|Any CPU
		{60CC5257-89DB-4519-999A-55602F99E13D}.Release|Any CPU.Build.0 = Release|Any CPU
		{60CC5257-89DB-4519-999A-55602F99E13D}.Release|Any CPU.Deploy.0 = Release|Any CPU
	EndGlobalSection
	GlobalSection(SolutionProperties) = preSolution
		HideSolutionNode = FALSE
	EndGlobalSection
EndGlobal
